github.com/CurtizJ/dummy-shop v0.0.0-20200417224248-26e8d4dec39d h1:qqRUbv81OKd+Yr6sisYvGejLqI17QMW8AL+51WbpCHk=
github.com/CurtizJ/dummy-shop v0.0.0-20200417224248-26e8d4dec39d/go.mod h1:ANSgItrzlaWl68iUDj5769SFyRNMZnVwaQvLz3pwQiM=
github.com/CurtizJ/dummy-shop v0.0.0-20200501162556-b39abf729f49 h1:YULgAwmbB9Nb2NFQURsrTX7DmwgD7Q8dJt4vboMOgSo=
github.com/CurtizJ/dummy-shop v0.0.0-20200501162556-b39abf729f49/go.mod h1:ANSgItrzlaWl68iUDj5769SFyRNMZnVwaQvLz3pwQiM=
